
Microsoft Visual Studio Solution File, Format Version 12.00
# Visual Studio Version 17
VisualStudioVersion = 17.8.34601.278
MinimumVisualStudioVersion = 10.0.40219.1
Project("{FAE04EC0-301F-11D3-BF4B-00C04F79EFBC}") = "ZabkaBit", "ZabkaBit\ZabkaBit.csproj", "{EBA02073-8A16-4D7D-8D77-A5F68566FFD2}"
EndProject
Global
	GlobalSection(SolutionConfigurationPlatforms) = preSolution
		Debug|Any CPU = Debug|Any CPU
		Release|Any CPU = Release|Any CPU
	EndGlobalSection
	GlobalSection(ProjectConfigurationPlatforms) = postSolution
		{EBA02073-8A16-4D7D-8D77-A5F68566FFD2}.Debug|Any CPU.ActiveCfg = Debug|Any CPU
		{EBA02073-8A16-4D7D-8D77-A5F68566FFD2}.Debug|Any CPU.Build.0 = Debug|Any CPU
		{EBA02073-8A16-4D7D-8D77-A5F68566FFD2}.Release|Any CPU.ActiveCfg = Release|Any CPU
		{EBA02073-8A16-4D7D-8D77-A5F68566FFD2}.Release|Any CPU.Build.0 = Release|Any CPU
	EndGlobalSection
	GlobalSection(SolutionProperties) = preSolution
		HideSolutionNode = FALSE
	EndGlobalSection
	GlobalSection(ExtensibilityGlobals) = postSolution
		SolutionGuid = {FC166141-7A57-440F-BD40-D1BF13F31428}
	EndGlobalSection
EndGlobal
